// !$*UTF8*$!
{
	archiveVersion = 1;
	classes = {
	};
	objectVersion = 46;
	objects = {

/* Begin PBXBuildFile section */
		D47507451B515D1700B39B92 /* Week1.m in Sources */ = {isa = PBXBuildFile; fileRef = D47507441B515D1700B39B92 /* Week1.m */; };
		D4893A871B4F58EF0014E757 /* main.m in Sources */ = {isa = PBXBuildFile; fileRef = D4893A861B4F58EF0014E757 /* main.m */; };
		D4893A8F1B4F59E30014E757 /* Week0.m in Sources */ = {isa = PBXBuildFile; fileRef = D4893A8E1B4F59E30014E757 /* Week0.m */; };
/* End PBXBuildFile section */

/* Begin PBXCopyFilesBuildPhase section */
		D4893A811B4F58EF0014E757 /* CopyFiles */ = {
			isa = PBXCopyFilesBuildPhase;
			buildActionMask = 2147483647;
			dstPath = /usr/share/man/man1/;
			dstSubfolderSpec = 0;
			files = (
			);
			runOnlyForDeploymentPostprocessing = 1;
		};
/* End PBXCopyFilesBuildPhase section */

/* Begin PBXFileReference section */
		D47507431B515D1700B39B92 /* Week1.h */ = {isa = PBXFileReference; fileEncoding = 4; lastKnownFileType = sourcecode.c.h; path = Week1.h; sourceTree = "<group>"; };
		D47507441B515D1700B39B92 /* Week1.m */ = {isa = PBXFileReference; fileEncoding = 4; lastKnownFileType = sourcecode.c.objc; path = Week1.m; sourceTree = "<group>"; };
		D4893A831B4F58EF0014E757 /* unit-0_Review_Excercise */ = {isa = PBXFileReference; explicitFileType = "compiled.mach-o.executable"; includeInIndex = 0; path = "unit-0_Review_Excercise"; sourceTree = BUILT_PRODUCTS_DIR; };
		D4893A861B4F58EF0014E757 /* main.m */ = {isa = PBXFileReference; lastKnownFileType = sourcecode.c.objc; path = main.m; sourceTree = "<group>"; };
		D4893A8D1B4F59E30014E757 /* Week0.h */ = {isa = PBXFileReference; fileEncoding = 4; lastKnownFileType = sourcecode.c.h; path = Week0.h; sourceTree = "<group>"; };
		D4893A8E1B4F59E30014E757 /* Week0.m */ = {isa = PBXFileReference; fileEncoding = 4; lastKnownFileType = sourcecode.c.objc; path = Week0.m; sourceTree = "<group>"; };
/* End PBXFileReference section */

/* Begin PBXFrameworksBuildPhase section */
		D4893A801B4F58EF0014E757 /* Frameworks */ = {
			isa = PBXFrameworksBuildPhase;
			buildActionMask = 2147483647;
			files = (
			);
			runOnlyForDeploymentPostprocessing = 0;
		};
/* End PBXFrameworksBuildPhase section */

/* Begin PBXGroup section */
		D4893A7A1B4F58EF0014E757 = {
			isa = PBXGroup;
			children = (
				D4893A851B4F58EF0014E757 /* unit-0_Review_Excercise */,
				D4893A841B4F58EF0014E757 /* Products */,
			);
			sourceTree = "<group>";
		};
		D4893A841B4F58EF0014E757 /* Products */ = {
			isa = PBXGroup;
			children = (
				D4893A831B4F58EF0014E757 /* unit-0_Review_Excercise */,
			);
			name = Products;
			sourceTree = "<group>";
		};
		D4893A851B4F58EF0014E757 /* unit-0_Review_Excercise */ = {
			isa = PBXGroup;
			children = (
				D4893A861B4F58EF0014E757 /* main.m */,
				D47507431B515D1700B39B92 /* Week1.h */,
				D47507441B515D1700B39B92 /* Week1.m */,
				D4893A8D1B4F59E30014E757 /* Week0.h */,
				D4893A8E1B4F59E30014E757 /* Week0.m */,
			);
			path = "unit-0_Review_Excercise";
			sourceTree = "<group>";
		};
/* End PBXGroup section */

/* Begin PBXNativeTarget section */
		D4893A821B4F58EF0014E757 /* unit-0_Review_Excercise */ = {
			isa = PBXNativeTarget;
			buildConfigurationList = D4893A8A1B4F58EF0014E757 /* Build configuration list for PBXNativeTarget "unit-0_Review_Excercise" */;
			buildPhases = (
				D4893A7F1B4F58EF0014E757 /* Sources */,
				D4893A801B4F58EF0014E757 /* Frameworks */,
				D4893A811B4F58EF0014E757 /* CopyFiles */,
			);
			buildRules = (
			);
			dependencies = (
			);
			name = "unit-0_Review_Excercise";
			productName = "unit-0_Review_Excercise";
			productReference = D4893A831B4F58EF0014E757 /* unit-0_Review_Excercise */;
			productType = "com.apple.product-type.tool";
		};
/* End PBXNativeTarget section */

/* Begin PBXProject section */
		D4893A7B1B4F58EF0014E757 /* Project object */ = {
			isa = PBXProject;
			attributes = {
				LastUpgradeCheck = 0640;
				ORGANIZATIONNAME = "Jason Wang";
				TargetAttributes = {
					D4893A821B4F58EF0014E757 = {
						CreatedOnToolsVersion = 6.4;
					};
				};
			};
			buildConfigurationList = D4893A7E1B4F58EF0014E757 /* Build configuration list for PBXProject "unit-0_Review_Excercise" */;
			compatibilityVersion = "Xcode 3.2";
			developmentRegion = English;
			hasScannedForEncodings = 0;
			knownRegions = (
				en,
			);
			mainGroup = D4893A7A1B4F58EF0014E757;
			productRefGroup = D4893A841B4F58EF0014E757 /* Products */;
			projectDirPath = "";
			projectRoot = "";
			targets = (
				D4893A821B4F58EF0014E757 /* unit-0_Review_Excercise */,
			);
		};
/* End PBXProject section */

/* Begin PBXSourcesBuildPhase section */
		D4893A7F1B4F58EF0014E757 /* Sources */ = {
			isa = PBXSourcesBuildPhase;
			buildActionMask = 2147483647;
			files = (
				D47507451B515D1700B39B92 /* Week1.m in Sources */,
				D4893A8F1B4F59E30014E757 /* Week0.m in Sources */,
				D4893A871B4F58EF0014E757 /* main.m in Sources */,
			);
			runOnlyForDeploymentPostprocessing = 0;
		};
/* End PBXSourcesBuildPhase section */

/* Begin XCBuildConfiguration section */
		D4893A881B4F58EF0014E757 /* Debug */ = {
			isa = XCBuildConfiguration;
			buildSettings = {
				ALWAYS_SEARCH_USER_PATHS = NO;
				CLANG_CXX_LANGUAGE_STANDARD = "gnu++0x";
				CLANG_CXX_LIBRARY = "libc++";
				CLANG_ENABLE_MODULES = YES;
				CLANG_ENABLE_OBJC_ARC = YES;
				CLANG_WARN_BOOL_CONVERSION = YES;
				CLANG_WARN_CONSTANT_CONVERSION = YES;
				CLANG_WARN_DIRECT_OBJC_ISA_USAGE = YES_ERROR;
				CLANG_WARN_EMPTY_BODY = YES;
				CLANG_WARN_ENUM_CONVERSION = YES;
				CLANG_WARN_INT_CONVERSION = YES;
				CLANG_WARN_OBJC_ROOT_CLASS = YES_ERROR;
				CLANG_WARN_UNREACHABLE_CODE = YES;
				CLANG_WARN__DUPLICATE_METHOD_MATCH = YES;
				COPY_PHASE_STRIP = NO;
				DEBUG_INFORMATION_FORMAT = dwarf;
				ENABLE_STRICT_OBJC_MSGSEND = YES;
				GCC_C_LANGUAGE_STANDARD = gnu99;
				GCC_DYNAMIC_NO_PIC = NO;
				GCC_NO_COMMON_BLOCKS = YES;
				GCC_OPTIMIZATION_LEVEL = 0;
				GCC_PREPROCESSOR_DEFINITIONS = (
					"DEBUG=1",
					"$(inherited)",
				);
				GCC_SYMBOLS_PRIVATE_EXTERN = NO;
				GCC_WARN_64_TO_32_BIT_CONVERSION = YES;
				GCC_WARN_ABOUT_RETURN_TYPE = YES_ERROR;
				GCC_WARN_UNDECLARED_SELECTOR = YES;
				GCC_WARN_UNINITIALIZED_AUTOS = YES_AGGRESSIVE;
				GCC_WARN_UNUSED_FUNCTION = YES;
				GCC_WARN_UNUSED_VARIABLE = YES;
				MACOSX_DEPLOYMENT_TARGET = 10.10;
				MTL_ENABLE_DEBUG_INFO = YES;
				ONLY_ACTIVE_ARCH = YES;
				SDKROOT = macosx;
			};
			name = Debug;
		};
		D4893A891B4F58EF0014E757 /* Release */ = {
			isa = XCBuildConfiguration;
			buildSettings = {
				ALWAYS_SEARCH_USER_PATHS = NO;
				CLANG_CXX_LANGUAGE_STANDARD = "gnu++0x";
				CLANG_CXX_LIBRARY = "libc++";
				CLANG_ENABLE_MODULES = YES;
				CLANG_ENABLE_OBJC_ARC = YES;
				CLANG_WARN_BOOL_CONVERSION = YES;
				CLANG_WARN_CONSTANT_CONVERSION = YES;
				CLANG_WARN_DIRECT_OBJC_ISA_USAGE = YES_ERROR;
				CLANG_WARN_EMPTY_BODY = YES;
				CLANG_WARN_ENUM_CONVERSION = YES;
				CLANG_WARN_INT_CONVERSION = YES;
				CLANG_WARN_OBJC_ROOT_CLASS = YES_ERROR;
				CLANG_WARN_UNREACHABLE_CODE = YES;
				CLANG_WARN__DUPLICATE_METHOD_MATCH = YES;
				COPY_PHASE_STRIP = NO;
				DEBUG_INFORMATION_FORMAT = "dwarf-with-dsym";
				ENABLE_NS_ASSERTIONS = NO;
				ENABLE_STRICT_OBJC_MSGSEND = YES;
				GCC_C_LANGUAGE_STANDARD = gnu99;
				GCC_NO_COMMON_BLOCKS = YES;
				GCC_WARN_64_TO_32_BIT_CONVERSION = YES;
				GCC_WARN_ABOUT_RETURN_TYPE = YES_ERROR;
				GCC_WARN_UNDECLARED_SELECTOR = YES;
				GCC_WARN_UNINITIALIZED_AUTOS = YES_AGGRESSIVE;
				GCC_WARN_UNUSED_FUNCTION = YES;
				GCC_WARN_UNUSED_VARIABLE = YES;
				MACOSX_DEPLOYMENT_TARGET = 10.10;
				MTL_ENABLE_DEBUG_INFO = NO;
				SDKROOT = macosx;
			};
			name = Release;
		};
		D4893A8B1B4F58EF0014E757 /* Debug */ = {
			isa = XCBuildConfiguration;
			buildSettings = {
				PRODUCT_NAME = "$(TARGET_NAME)";
			};
			name = Debug;
		};
		D4893A8C1B4F58EF0014E757 /* Release */ = {
			isa = XCBuildConfiguration;
			buildSettings = {
				PRODUCT_NAME = "$(TARGET_NAME)";
			};
			name = Release;
		};
/* End XCBuildConfiguration section */

/* Begin XCConfigurationList section */
		D4893A7E1B4F58EF0014E757 /* Build configuration list for PBXProject "unit-0_Review_Excercise" */ = {
			isa = XCConfigurationList;
			buildConfigurations = (
				D4893A881B4F58EF0014E757 /* Debug */,
				D4893A891B4F58EF0014E757 /* Release */,
			);
			defaultConfigurationIsVisible = 0;
			defaultConfigurationName = Release;
		};
		D4893A8A1B4F58EF0014E757 /* Build configuration list for PBXNativeTarget "unit-0_Review_Excercise" */ = {
			isa = XCConfigurationList;
			buildConfigurations = (
				D4893A8B1B4F58EF0014E757 /* Debug */,
				D4893A8C1B4F58EF0014E757 /* Release */,
			);
			defaultConfigurationIsVisible = 0;
			defaultConfigurationName = Release;
		};
/* End XCConfigurationList section */
	};
	rootObject = D4893A7B1B4F58EF0014E757 /* Project object */;
}
